PODS:
  - FTMobileSDK (1.0.4-alpha.4):
    - FTMobileSDK/FTMobileAgent (= 1.0.4-alpha.4)
  - FTMobileSDK/FTMobileAgent (1.0.4-alpha.4)

DEPENDENCIES:
  - FTMobileSDK (~> 1.0.4-alpha.4)

SPEC REPOS:
  trunk:
    - FTMobileSDK

SPEC CHECKSUMS:
  FTMobileSDK: 14ad25c1a6e9bbd4ca5394a0ce8b84cd6d42621d

PODFILE CHECKSUM: 90f04e7f1bdb3aa9d10dfd2b563b4bf28f5e09e3

COCOAPODS: 1.9.2
