PODS:
  - FTMobileSDK (1.0.2-alpha.22):
    - FTMobileSDK/FTAutoTrack (= 1.0.2-alpha.22)
    - FTMobileSDK/FTMobileAgent (= 1.0.2-alpha.22)
  - FTMobileSDK/FTAutoTrack (1.0.2-alpha.22):
    - FTMobileSDK/FTMobileAgent
  - FTMobileSDK/FTMobileAgent (1.0.2-alpha.22)

DEPENDENCIES:
  - FTMobileSDK (~> 1.0.2-alpha.22)

SPEC REPOS:
  trunk:
    - FTMobileSDK

SPEC CHECKSUMS:
  FTMobileSDK: 103b3f11ea5a5048b2aa05747d3a32bad94a679f

PODFILE CHECKSUM: 6c9e4b6bcf5b978921ad5d72aa0e84eab2a11461

COCOAPODS: 1.9.1
