PODS:
  - FTAutoTrack (1.0.0-alpha.6):
    - FTMobileAgent (~> 1.0.0-alpha.19)
  - FTMobileAgent (1.0.0-alpha.19)

DEPENDENCIES:
  - FTAutoTrack (~> 1.0.0-alpha.6)

SPEC REPOS:
  trunk:
    - FTAutoTrack
    - FTMobileAgent

SPEC CHECKSUMS:
  FTAutoTrack: 876daf511ecb210e40d8cf4bb4b75c1f8c239316
  FTMobileAgent: 00cf2133e25553b39be05f47f71429a930764e69

PODFILE CHECKSUM: 8034c2aea0069666cfe6692654f453a70ed12856

COCOAPODS: 1.8.4
